
Microsoft Visual Studio Solution File, Format Version 12.00
# Visual Studio Version 16
VisualStudioVersion = 16.0.30804.86
MinimumVisualStudioVersion = 10.0.40219.1
Project("{2150E333-8FDC-42A3-9474-1A3956D46DE8}") = "CleanArch.Application", "CleanArch.Application", "{AC90AE3F-544E-4AF2-949B-BB6E5363BAC9}"
EndProject
Project("{2150E333-8FDC-42A3-9474-1A3956D46DE8}") = "CleanArch.Domain", "CleanArch.Domain", "{82868F8A-D6CD-4F16-8D30-C9EE8DC6856F}"
EndProject
Project("{2150E333-8FDC-42A3-9474-1A3956D46DE8}") = "CleanArch.Infra.IoC", "CleanArch.Infra.IoC", "{65CB6E26-13CF-48A5-B62F-CA04E9C9620D}"
EndProject
Project("{2150E333-8FDC-42A3-9474-1A3956D46DE8}") = "CleanArch.Infra.Data", "CleanArch.Infra.Data", "{3D7DD706-ED9E-4116-8250-42259EBD5739}"
EndProject
Project("{2150E333-8FDC-42A3-9474-1A3956D46DE8}") = "CleanArch.UI.Mvc", "CleanArch.UI.Mvc", "{11052831-5E94-42AF-8A6E-3ACAD6433D26}"
EndProject
Project("{FAE04EC0-301F-11D3-BF4B-00C04F79EFBC}") = "CleanArch.Mvc", "CleanArch.Mvc\CleanArch.Mvc.csproj", "{572089BA-8255-4C34-95CE-41424BAC2F78}"
EndProject
Global
	GlobalSection(SolutionConfigurationPlatforms) = preSolution
		Debug|Any CPU = Debug|Any CPU
		Release|Any CPU = Release|Any CPU
	EndGlobalSection
	GlobalSection(ProjectConfigurationPlatforms) = postSolution
		{572089BA-8255-4C34-95CE-41424BAC2F78}.Debug|Any CPU.ActiveCfg = Debug|Any CPU
		{572089BA-8255-4C34-95CE-41424BAC2F78}.Debug|Any CPU.Build.0 = Debug|Any CPU
		{572089BA-8255-4C34-95CE-41424BAC2F78}.Release|Any CPU.ActiveCfg = Release|Any CPU
		{572089BA-8255-4C34-95CE-41424BAC2F78}.Release|Any CPU.Build.0 = Release|Any CPU
	EndGlobalSection
	GlobalSection(SolutionProperties) = preSolution
		HideSolutionNode = FALSE
	EndGlobalSection
	GlobalSection(NestedProjects) = preSolution
		{572089BA-8255-4C34-95CE-41424BAC2F78} = {11052831-5E94-42AF-8A6E-3ACAD6433D26}
	EndGlobalSection
	GlobalSection(ExtensibilityGlobals) = postSolution
		SolutionGuid = {099AF2FB-1388-46C1-89F6-A96C9947ED75}
	EndGlobalSection
EndGlobal
